{
  "name": "friendly-words",
  "version": "0.0.1",
  "lockfileVersion": 1,
  "requires": true,
  "dependencies": {
    "express": {
      "version": "4.17.1",
      "requires": {
        "accepts": "~1.3.7",
        "array-flatten": "1.1.1",
        "body-parser": "1.19.0",
        "content-disposition": "0.5.3",
        "content-type": "~1.0.4",
        "cookie": "0.4.0",
        "cookie-signature": "1.0.6",
        "debug": "2.6.9",
        "depd": "~1.1.2",
        "encodeurl": "~1.0.2",
        "escape-html": "~1.0.3",
        "etag": "~1.8.1",
        "finalhandler": "~1.1.2",
        "fresh": "0.5.2",
        "merge-descriptors": "1.0.1",
        "methods": "~1.1.2",
        "on-finished": "~2.3.0",
        "parseurl": "~1.3.3",
        "path-to-regexp": "0.1.7",
        "proxy-addr": "~2.0.5",
        "qs": "6.7.0",
        "range-parser": "~1.2.1",
        "safe-buffer": "5.1.2",
        "send": "0.17.1",
        "serve-static": "1.14.1",
        "setprototypeof": "1.1.1",
        "statuses": "~1.5.0",
        "type-is": "~1.6.18",
        "utils-merge": "1.0.1",
        "vary": "~1.1.2"
      },
      "dependencies": {
        "accepts": {
          "version": "1.3.7",
          "resolved": false,
          "requires": {
            "mime-types": "~2.1.24",
            "negotiator": "0.6.2"
          }
        },
        "array-flatten": {
          "version": "1.1.1",
          "resolved": false
        },
        "body-parser": {
          "version": "1.19.0",
          "resolved": false,
          "requires": {
            "bytes": "3.1.0",
            "content-type": "~1.0.4",
            "debug": "2.6.9",
            "depd": "~1.1.2",
            "http-errors": "1.7.2",
            "iconv-lite": "0.4.24",
            "on-finished": "~2.3.0",
            "qs": "6.7.0",
            "raw-body": "2.4.0",
            "type-is": "~1.6.17"
          }
        },
        "bytes": {
          "version": "3.1.0",
          "resolved": false
        },
        "content-disposition": {
          "version": "0.5.3",
          "resolved": false,
          "requires": {
            "safe-buffer": "5.1.2"
          }
        },
        "content-type": {
          "version": "1.0.4",
          "resolved": false
        },
        "cookie": {
          "version": "0.4.0",
          "resolved": false
        },
        "cookie-signature": {
          "version": "1.0.6",
          "resolved": false
        },
        "debug": {
          "version": "2.6.9",
          "resolved": false,
          "requires": {
            "ms": "2.0.0"
          }
        },
        "depd": {
          "version": "1.1.2",
          "resolved": false
        },
        "destroy": {
          "version": "1.0.4",
          "resolved": false
        },
        "ee-first": {
          "version": "1.1.1",
          "resolved": false
        },
        "encodeurl": {
          "version": "1.0.2",
          "resolved": false
        },
        "escape-html": {
          "version": "1.0.3",
          "resolved": false
        },
        "etag": {
          "version": "1.8.1",
          "resolved": false
        },
        "finalhandler": {
          "version": "1.1.2",
          "resolved": false,
          "requires": {
            "debug": "2.6.9",
            "encodeurl": "~1.0.2",
            "escape-html": "~1.0.3",
            "on-finished": "~2.3.0",
            "parseurl": "~1.3.3",
            "statuses": "~1.5.0",
            "unpipe": "~1.0.0"
          }
        },
        "forwarded": {
          "version": "0.1.2",
          "resolved": false
        },
        "fresh": {
          "version": "0.5.2",
          "resolved": false
        },
        "http-errors": {
          "version": "1.7.2",
          "resolved": false,
          "requires": {
            "depd": "~1.1.2",
            "inherits": "2.0.3",
            "setprototypeof": "1.1.1",
            "statuses": ">= 1.5.0 < 2",
            "toidentifier": "1.0.0"
          }
        },
        "iconv-lite": {
          "version": "0.4.24",
          "resolved": false,
          "requires": {
            "safer-buffer": ">= 2.1.2 < 3"
          }
        },
        "inherits": {
          "version": "2.0.3",
          "resolved": false
        },
        "ipaddr.js": {
          "version": "1.9.1",
          "resolved": false
        },
        "media-typer": {
          "version": "0.3.0",
          "resolved": false
        },
        "merge-descriptors": {
          "version": "1.0.1",
          "resolved": false
        },
        "methods": {
          "version": "1.1.2",
          "resolved": false
        },
        "mime": {
          "version": "1.6.0",
          "resolved": false
        },
        "mime-db": {
          "version": "1.44.0",
          "resolved": false
        },
        "mime-types": {
          "version": "2.1.27",
          "resolved": false,
          "requires": {
            "mime-db": "1.44.0"
          }
        },
        "ms": {
          "version": "2.0.0",
          "resolved": false
        },
        "negotiator": {
          "version": "0.6.2",
          "resolved": false
        },
        "on-finished": {
          "version": "2.3.0",
          "resolved": false,
          "requires": {
            "ee-first": "1.1.1"
          }
        },
        "parseurl": {
          "version": "1.3.3",
          "resolved": false
        },
        "path-to-regexp": {
          "version": "0.1.7",
          "resolved": false
        },
        "proxy-addr": {
          "version": "2.0.6",
          "resolved": false,
          "requires": {
            "forwarded": "~0.1.2",
            "ipaddr.js": "1.9.1"
          }
        },
        "qs": {
          "version": "6.7.0",
          "resolved": false
        },
        "range-parser": {
          "version": "1.2.1",
          "resolved": false
        },
        "raw-body": {
          "version": "2.4.0",
          "resolved": false,
          "requires": {
            "bytes": "3.1.0",
            "http-errors": "1.7.2",
            "iconv-lite": "0.4.24",
            "unpipe": "1.0.0"
          }
        },
        "safe-buffer": {
          "version": "5.1.2",
          "resolved": false
        },
        "safer-buffer": {
          "version": "2.1.2",
          "resolved": false
        },
        "send": {
          "version": "0.17.1",
          "resolved": false,
          "requires": {
            "debug": "2.6.9",
            "depd": "~1.1.2",
            "destroy": "~1.0.4",
            "encodeurl": "~1.0.2",
            "escape-html": "~1.0.3",
            "etag": "~1.8.1",
            "fresh": "0.5.2",
            "http-errors": "~1.7.2",
            "mime": "1.6.0",
            "ms": "2.1.1",
            "on-finished": "~2.3.0",
            "range-parser": "~1.2.1",
            "statuses": "~1.5.0"
          },
          "dependencies": {
            "ms": {
              "version": "2.1.1",
              "resolved": false
            }
          }
        },
        "serve-static": {
          "version": "1.14.1",
          "resolved": false,
          "requires": {
            "encodeurl": "~1.0.2",
            "escape-html": "~1.0.3",
            "parseurl": "~1.3.3",
            "send": "0.17.1"
          }
        },
        "setprototypeof": {
          "version": "1.1.1",
          "resolved": false
        },
        "statuses": {
          "version": "1.5.0",
          "resolved": false
        },
        "toidentifier": {
          "version": "1.0.0",
          "resolved": false
        },
        "type-is": {
          "version": "1.6.18",
          "resolved": false,
          "requires": {
            "media-typer": "0.3.0",
            "mime-types": "~2.1.24"
          }
        },
        "unpipe": {
          "version": "1.0.0",
          "resolved": false
        },
        "utils-merge": {
          "version": "1.0.1",
          "resolved": false
        },
        "vary": {
          "version": "1.1.2",
          "resolved": false
        }
      }
    },
    "friendly-words": {
      "version": "1.1.9"
    },
    "lodash.samplesize": {
      "version": "4.2.0"
    }
  }
}
